
Microsoft Visual Studio Solution File, Format Version 12.00
# Visual Studio Version 16
VisualStudioVersion = 16.0.29025.244
MinimumVisualStudioVersion = 10.0.40219.1
Project("{8BC9CEB8-8B4A-11D0-8D11-00A0C91BC942}") = "Pointertesting", "Pointertesting\Pointertesting.vcxproj", "{AE5BE774-03F0-4645-A182-97EBC596DE41}"
EndProject
Global
	GlobalSection(SolutionConfigurationPlatforms) = preSolution
		Debug|x64 = Debug|x64
		Debug|x86 = Debug|x86
		Release|x64 = Release|x64
		Release|x86 = Release|x86
	EndGlobalSection
	GlobalSection(ProjectConfigurationPlatforms) = postSolution
		{AE5BE774-03F0-4645-A182-97EBC596DE41}.Debug|x64.ActiveCfg = Debug|x64
		{AE5BE774-03F0-4645-A182-97EBC596DE41}.Debug|x64.Build.0 = Debug|x64
		{AE5BE774-03F0-4645-A182-97EBC596DE41}.Debug|x86.ActiveCfg = Debug|Win32
		{AE5BE774-03F0-4645-A182-97EBC596DE41}.Debug|x86.Build.0 = Debug|Win32
		{AE5BE774-03F0-4645-A182-97EBC596DE41}.Release|x64.ActiveCfg = Release|x64
		{AE5BE774-03F0-4645-A182-97EBC596DE41}.Release|x64.Build.0 = Release|x64
		{AE5BE774-03F0-4645-A182-97EBC596DE41}.Release|x86.ActiveCfg = Release|Win32
		{AE5BE774-03F0-4645-A182-97EBC596DE41}.Release|x86.Build.0 = Release|Win32
	EndGlobalSection
	GlobalSection(SolutionProperties) = preSolution
		HideSolutionNode = FALSE
	EndGlobalSection
	GlobalSection(ExtensibilityGlobals) = postSolution
		SolutionGuid = {E99E6317-BFE0-4F69-97A4-E13FD7B4C9D2}
	EndGlobalSection
EndGlobal
